
Microsoft Visual Studio Solution File, Format Version 12.00
# Visual Studio Version 16
VisualStudioVersion = 16.0.30128.74
MinimumVisualStudioVersion = 10.0.40219.1
Project("{888888A0-9F3D-457C-B088-3A5042F75D52}") = "6_Teste", "6_Teste.pyproj", "{0C555855-4F79-4C28-8383-4558324BBA51}"
EndProject
Global
	GlobalSection(SolutionConfigurationPlatforms) = preSolution
		Debug|Any CPU = Debug|Any CPU
		Release|Any CPU = Release|Any CPU
	EndGlobalSection
	GlobalSection(ProjectConfigurationPlatforms) = postSolution
		{0C555855-4F79-4C28-8383-4558324BBA51}.Debug|Any CPU.ActiveCfg = Debug|Any CPU
		{0C555855-4F79-4C28-8383-4558324BBA51}.Release|Any CPU.ActiveCfg = Release|Any CPU
	EndGlobalSection
	GlobalSection(SolutionProperties) = preSolution
		HideSolutionNode = FALSE
	EndGlobalSection
	GlobalSection(ExtensibilityGlobals) = postSolution
		SolutionGuid = {FB7FA2A4-98AB-4F06-88B6-B84BC6DFD5ED}
	EndGlobalSection
EndGlobal
