
Microsoft Visual Studio Solution File, Format Version 12.00
# Visual Studio Version 16
VisualStudioVersion = 16.0.30128.74
MinimumVisualStudioVersion = 10.0.40219.1
Project("{888888A0-9F3D-457C-B088-3A5042F75D52}") = "5_Avalia_Modelos", "5_Avalia_Modelos.pyproj", "{B0835905-0131-4D2E-96FA-B4C410059F16}"
EndProject
Global
	GlobalSection(SolutionConfigurationPlatforms) = preSolution
		Debug|Any CPU = Debug|Any CPU
		Release|Any CPU = Release|Any CPU
	EndGlobalSection
	GlobalSection(ProjectConfigurationPlatforms) = postSolution
		{B0835905-0131-4D2E-96FA-B4C410059F16}.Debug|Any CPU.ActiveCfg = Debug|Any CPU
		{B0835905-0131-4D2E-96FA-B4C410059F16}.Release|Any CPU.ActiveCfg = Release|Any CPU
	EndGlobalSection
	GlobalSection(SolutionProperties) = preSolution
		HideSolutionNode = FALSE
	EndGlobalSection
	GlobalSection(ExtensibilityGlobals) = postSolution
		SolutionGuid = {C0A02026-5378-41A7-BCC5-BC343E809CE7}
	EndGlobalSection
EndGlobal
